
Microsoft Visual Studio Solution File, Format Version 12.00
# Visual Studio Version 17
VisualStudioVersion = 17.2.32630.192
MinimumVisualStudioVersion = 10.0.40219.1
Project("{9A19103F-16F7-4668-BE54-9A1E7A4F7556}") = "SalesOrder", "SalesOrder\BackendAPI\SalesOrder.csproj", "{3D8A576C-943F-4B80-8921-30A723A40A21}"
EndProject
Global
	GlobalSection(SolutionConfigurationPlatforms) = preSolution
		Debug|Any CPU = Debug|Any CPU
		Release|Any CPU = Release|Any CPU
	EndGlobalSection
	GlobalSection(ProjectConfigurationPlatforms) = postSolution
		{3D8A576C-943F-4B80-8921-30A723A40A21}.Debug|Any CPU.ActiveCfg = Debug|Any CPU
		{3D8A576C-943F-4B80-8921-30A723A40A21}.Debug|Any CPU.Build.0 = Debug|Any CPU
		{3D8A576C-943F-4B80-8921-30A723A40A21}.Release|Any CPU.ActiveCfg = Release|Any CPU
		{3D8A576C-943F-4B80-8921-30A723A40A21}.Release|Any CPU.Build.0 = Release|Any CPU
	EndGlobalSection
	GlobalSection(SolutionProperties) = preSolution
		HideSolutionNode = FALSE
	EndGlobalSection
	GlobalSection(ExtensibilityGlobals) = postSolution
		SolutionGuid = {E895A572-FE09-4B37-AF9A-E55BA2F9CC35}
	EndGlobalSection
EndGlobal
